dependencies:
- name: elasticsearch
  repository: https://helm.elastic.co
  version: 7.7.0
- name: elasticsearch-curator
  repository: https://kubernetes-charts.storage.googleapis.com
  version: 2.1.5
- name: kibana
  repository: https://helm.elastic.co
  version: 7.7.0
- name: fluent-bit
  repository: https://kubernetes-charts.storage.googleapis.com
  version: 2.8.13
- name: metricbeat
  repository: https://helm.elastic.co
  version: 7.7.0
digest: sha256:cfee873ac8994608435ca9795897d5492a9b18918afbbb3d83a48aa5f19e8350
generated: "2020-05-14T10:17:31.776740566+02:00"
